
Microsoft Visual Studio Solution File, Format Version 12.00
# Visual Studio Version 16
VisualStudioVersion = 16.0.33529.622
MinimumVisualStudioVersion = 10.0.40219.1
Project("{FAE04EC0-301F-11D3-BF4B-00C04F79EFBC}") = "SixPartAssignment", "SixPartAssignment\SixPartAssignment.csproj", "{69DD3D37-D670-4197-8AA6-E569AA3A62CD}"
EndProject
Global
	GlobalSection(SolutionConfigurationPlatforms) = preSolution
		Debug|Any CPU = Debug|Any CPU
		Release|Any CPU = Release|Any CPU
	EndGlobalSection
	GlobalSection(ProjectConfigurationPlatforms) = postSolution
		{69DD3D37-D670-4197-8AA6-E569AA3A62CD}.Debug|Any CPU.ActiveCfg = Debug|Any CPU
		{69DD3D37-D670-4197-8AA6-E569AA3A62CD}.Debug|Any CPU.Build.0 = Debug|Any CPU
		{69DD3D37-D670-4197-8AA6-E569AA3A62CD}.Release|Any CPU.ActiveCfg = Release|Any CPU
		{69DD3D37-D670-4197-8AA6-E569AA3A62CD}.Release|Any CPU.Build.0 = Release|Any CPU
	EndGlobalSection
	GlobalSection(SolutionProperties) = preSolution
		HideSolutionNode = FALSE
	EndGlobalSection
	GlobalSection(ExtensibilityGlobals) = postSolution
		SolutionGuid = {06556639-D889-422D-988F-0A1D61A6157A}
	EndGlobalSection
EndGlobal
