
Microsoft Visual Studio Solution File, Format Version 12.00
# Visual Studio Version 16
VisualStudioVersion = 16.0.33529.622
MinimumVisualStudioVersion = 10.0.40219.1
Project("{FAE04EC0-301F-11D3-BF4B-00C04F79EFBC}") = "GarfieldDoWhile", "GarfieldDoWhile\GarfieldDoWhile.csproj", "{5C2B883F-7116-4742-BC76-693194F70AAA}"
EndProject
Global
	GlobalSection(SolutionConfigurationPlatforms) = preSolution
		Debug|Any CPU = Debug|Any CPU
		Release|Any CPU = Release|Any CPU
	EndGlobalSection
	GlobalSection(ProjectConfigurationPlatforms) = postSolution
		{5C2B883F-7116-4742-BC76-693194F70AAA}.Debug|Any CPU.ActiveCfg = Debug|Any CPU
		{5C2B883F-7116-4742-BC76-693194F70AAA}.Debug|Any CPU.Build.0 = Debug|Any CPU
		{5C2B883F-7116-4742-BC76-693194F70AAA}.Release|Any CPU.ActiveCfg = Release|Any CPU
		{5C2B883F-7116-4742-BC76-693194F70AAA}.Release|Any CPU.Build.0 = Release|Any CPU
	EndGlobalSection
	GlobalSection(SolutionProperties) = preSolution
		HideSolutionNode = FALSE
	EndGlobalSection
	GlobalSection(ExtensibilityGlobals) = postSolution
		SolutionGuid = {349FA2C6-90A6-4D9F-B9D6-747C9F49D338}
	EndGlobalSection
EndGlobal
