
Microsoft Visual Studio Solution File, Format Version 12.00
# Visual Studio Version 16
VisualStudioVersion = 16.0.33529.622
MinimumVisualStudioVersion = 10.0.40219.1
Project("{FAE04EC0-301F-11D3-BF4B-00C04F79EFBC}") = "ArrayAssignment", "ArrayAssignment\ArrayAssignment.csproj", "{90F15B65-91AF-4432-B618-F81D9932F162}"
EndProject
Global
	GlobalSection(SolutionConfigurationPlatforms) = preSolution
		Debug|Any CPU = Debug|Any CPU
		Release|Any CPU = Release|Any CPU
	EndGlobalSection
	GlobalSection(ProjectConfigurationPlatforms) = postSolution
		{90F15B65-91AF-4432-B618-F81D9932F162}.Debug|Any CPU.ActiveCfg = Debug|Any CPU
		{90F15B65-91AF-4432-B618-F81D9932F162}.Debug|Any CPU.Build.0 = Debug|Any CPU
		{90F15B65-91AF-4432-B618-F81D9932F162}.Release|Any CPU.ActiveCfg = Release|Any CPU
		{90F15B65-91AF-4432-B618-F81D9932F162}.Release|Any CPU.Build.0 = Release|Any CPU
	EndGlobalSection
	GlobalSection(SolutionProperties) = preSolution
		HideSolutionNode = FALSE
	EndGlobalSection
	GlobalSection(ExtensibilityGlobals) = postSolution
		SolutionGuid = {2B7DD87F-EDB5-44D1-BFD2-78DE04A649AA}
	EndGlobalSection
EndGlobal
