
Microsoft Visual Studio Solution File, Format Version 12.00
# Visual Studio Version 16
VisualStudioVersion = 16.0.33529.622
MinimumVisualStudioVersion = 10.0.40219.1
Project("{FAE04EC0-301F-11D3-BF4B-00C04F79EFBC}") = "MathApp", "MathApp\MathApp.csproj", "{FCD1F7BE-72B6-4835-82CB-FFB7B97B79F3}"
EndProject
Global
	GlobalSection(SolutionConfigurationPlatforms) = preSolution
		Debug|Any CPU = Debug|Any CPU
		Release|Any CPU = Release|Any CPU
	EndGlobalSection
	GlobalSection(ProjectConfigurationPlatforms) = postSolution
		{FCD1F7BE-72B6-4835-82CB-FFB7B97B79F3}.Debug|Any CPU.ActiveCfg = Debug|Any CPU
		{FCD1F7BE-72B6-4835-82CB-FFB7B97B79F3}.Debug|Any CPU.Build.0 = Debug|Any CPU
		{FCD1F7BE-72B6-4835-82CB-FFB7B97B79F3}.Release|Any CPU.ActiveCfg = Release|Any CPU
		{FCD1F7BE-72B6-4835-82CB-FFB7B97B79F3}.Release|Any CPU.Build.0 = Release|Any CPU
	EndGlobalSection
	GlobalSection(SolutionProperties) = preSolution
		HideSolutionNode = FALSE
	EndGlobalSection
	GlobalSection(ExtensibilityGlobals) = postSolution
		SolutionGuid = {B59B2A10-DB9D-4D71-A293-23081A864AA8}
	EndGlobalSection
EndGlobal
